{
  "name": "ckeditor5-custom-build",
  "version": "0.0.1",
  "lockfileVersion": 1,
  "requires": true,
  "dependencies": {
    "@ckeditor/ckeditor5-clipboard": {
      "version": "35.4.0",
      "resolved": "https://registry.npmjs.org/@ckeditor/ckeditor5-clipboard/-/ckeditor5-clipboard-35.4.0.tgz",
      "integrity": "sha512-B6rIQxvOrHvO9TZRC8JA0wKk+IfN880UJkYIg1qlhf9HFNVjdVbtHaiCsPD+TzGmQN3XHXfNjgjabGRIn0iZmw==",
      "requires": {
        "@ckeditor/ckeditor5-core": "^35.4.0",
        "@ckeditor/ckeditor5-engine": "^35.4.0",
        "@ckeditor/ckeditor5-utils": "^35.4.0",
        "@ckeditor/ckeditor5-widget": "^35.4.0",
        "lodash-es": "^4.17.11"
      }
    },
    "@ckeditor/ckeditor5-core": {
      "version": "35.4.0",
      "resolved": "https://registry.npmjs.org/@ckeditor/ckeditor5-core/-/ckeditor5-core-35.4.0.tgz",
      "integrity": "sha512-Rf0H7C4inCj/YC8aii0cT7TC/IuBIQ+tXmu9qd8/1BJ/rz1MCHXtBPApjTbFp33OE3aOFB5+NUaKt05k/dL3OA==",
      "requires": {
        "@ckeditor/ckeditor5-engine": "^35.4.0",
        "@ckeditor/ckeditor5-ui": "^35.4.0",
        "@ckeditor/ckeditor5-utils": "^35.4.0",
        "lodash-es": "^4.17.15"
      }
    },
    "@ckeditor/ckeditor5-engine": {
      "version": "35.4.0",
      "resolved": "https://registry.npmjs.org/@ckeditor/ckeditor5-engine/-/ckeditor5-engine-35.4.0.tgz",
      "integrity": "sha512-67QKtUGJeLM072h9qURvzczYGU3ecuxR9LLmM4dffnV+PBNQ9e8RDCY7PuuEP0pplmAUI6/XqoZJIbk6h7ZV3Q==",
      "requires": {
        "@ckeditor/ckeditor5-utils": "^35.4.0",
        "lodash-es": "^4.17.15"
      }
    },
    "@ckeditor/ckeditor5-enter": {
      "version": "35.4.0",
      "resolved": "https://registry.npmjs.org/@ckeditor/ckeditor5-enter/-/ckeditor5-enter-35.4.0.tgz",
      "integrity": "sha512-y95RnA/Gw72e220PJKVwNbwPzX4SRs82/rXu1jVyJXty7CcEZqqfyRtW6odICAXr5eKI5XKgzFgpFYULL3D9Nw==",
      "requires": {
        "@ckeditor/ckeditor5-core": "^35.4.0",
        "@ckeditor/ckeditor5-engine": "^35.4.0"
      }
    },
    "@ckeditor/ckeditor5-inspector": {
      "version": "3.1.1",
      "resolved": "https://registry.npmjs.org/@ckeditor/ckeditor5-inspector/-/ckeditor5-inspector-3.1.1.tgz",
      "integrity": "sha512-5lGYklA3dsXgIi5j39gQ8VSxpiW+FGLw5Midj8ivIndMc0f67qBGOOV+vbjrZUvdA7xba3SH7W3N1M7Iz8nVsw=="
    },
    "@ckeditor/ckeditor5-typing": {
      "version": "35.4.0",
      "resolved": "https://registry.npmjs.org/@ckeditor/ckeditor5-typing/-/ckeditor5-typing-35.4.0.tgz",
      "integrity": "sha512-Ad/PHWbVWcnAj9oevkkfLqf6CmvCFOti466uhvfOCKRNVf2+/xuGwleOGr8W6Lir/x/qav7ojFjKPKDxqbPXhA==",
      "requires": {
        "@ckeditor/ckeditor5-core": "^35.4.0",
        "@ckeditor/ckeditor5-engine": "^35.4.0",
        "@ckeditor/ckeditor5-utils": "^35.4.0",
        "lodash-es": "^4.17.15"
      }
    },
    "@ckeditor/ckeditor5-ui": {
      "version": "35.4.0",
      "resolved": "https://registry.npmjs.org/@ckeditor/ckeditor5-ui/-/ckeditor5-ui-35.4.0.tgz",
      "integrity": "sha512-0SmYE+k1cYQPqyw2rQsPDV/RpudneBh1bNfiaTOz+rqViJIMe+TxiuK6Fz+znNZ05s0exr+ZHWvMttGqlVoQNw==",
      "requires": {
        "@ckeditor/ckeditor5-core": "^35.4.0",
        "@ckeditor/ckeditor5-utils": "^35.4.0",
        "lodash-es": "^4.17.15"
      }
    },
    "@ckeditor/ckeditor5-undo": {
      "version": "35.4.0",
      "resolved": "https://registry.npmjs.org/@ckeditor/ckeditor5-undo/-/ckeditor5-undo-35.4.0.tgz",
      "integrity": "sha512-0RhsK0f/pX/7KB/JXYTLiDOswmUTQ9EKIIuewAwr7LTsBf4Q309FZSFdbeTmc0wIyX33212Xh5xsi3LyG1VJRg==",
      "requires": {
        "@ckeditor/ckeditor5-core": "^35.4.0",
        "@ckeditor/ckeditor5-engine": "^35.4.0",
        "@ckeditor/ckeditor5-ui": "^35.4.0"
      }
    },
    "@ckeditor/ckeditor5-utils": {
      "version": "35.4.0",
      "resolved": "https://registry.npmjs.org/@ckeditor/ckeditor5-utils/-/ckeditor5-utils-35.4.0.tgz",
      "integrity": "sha512-sFjbb+1VYdLbELDLWVYk86WzVN7Lo3sXHbVhdr8+kc0Ufxdr3mTFHDAkiymFt2fs1FOB5gZyWJlJU+EeJnhKUw==",
      "requires": {
        "lodash-es": "^4.17.15"
      }
    },
    "@ckeditor/ckeditor5-widget": {
      "version": "35.4.0",
      "resolved": "https://registry.npmjs.org/@ckeditor/ckeditor5-widget/-/ckeditor5-widget-35.4.0.tgz",
      "integrity": "sha512-SNYOXXWu7XV1BZET+ar0Cea25836vzNtUqXlDPwBx/jrmK86b8GMbFR99P2bUG0NvtIsH5cSk7XCmnxb4ZQ6wA==",
      "requires": {
        "@ckeditor/ckeditor5-core": "^35.4.0",
        "@ckeditor/ckeditor5-engine": "^35.4.0",
        "@ckeditor/ckeditor5-enter": "^35.4.0",
        "@ckeditor/ckeditor5-typing": "^35.4.0",
        "@ckeditor/ckeditor5-ui": "^35.4.0",
        "@ckeditor/ckeditor5-utils": "^35.4.0",
        "lodash-es": "^4.17.15"
      }
    },
    "ckeditor5-math": {
      "version": "35.2.0",
      "resolved": "https://registry.npmjs.org/ckeditor5-math/-/ckeditor5-math-35.2.0.tgz",
      "integrity": "sha512-7jKSsfrSN8WfMawWm8uJv5sEwhndrkUzBt/iIgf+0yq6+/Dgds3X5vy3CNJP8C6TdYZtbOXolvX3m6iiQyl5mg==",
      "requires": {
        "@ckeditor/ckeditor5-clipboard": "^35.2.0",
        "@ckeditor/ckeditor5-core": "^35.2.0",
        "@ckeditor/ckeditor5-engine": "^35.2.0",
        "@ckeditor/ckeditor5-inspector": "^3.0.0",
        "@ckeditor/ckeditor5-ui": "^35.2.0",
        "@ckeditor/ckeditor5-undo": "^35.2.0",
        "@ckeditor/ckeditor5-utils": "^35.2.0",
        "@ckeditor/ckeditor5-widget": "^35.2.0"
      }
    },
    "lodash-es": {
      "version": "4.17.21",
      "resolved": "https://registry.npmjs.org/lodash-es/-/lodash-es-4.17.21.tgz",
      "integrity": "sha512-mKnC+QJ9pWVzv+C4/U3rRsHapFfHvQFoFB92e52xeyGMcX6/OlIl78je1u8vePzYZSkkogMPJ2yjxxsb89cxyw=="
    }
  }
}
